// !$*UTF8*$!
{
	archiveVersion = 1;
	classes = {
	};
	objectVersion = 56;
	objects = {

/* Begin PBXBuildFile section */
		CB6F3E552CA997AA005C2ED9 /* TicTacToeApp.swift in Sources */ = {isa = PBXBuildFile; fileRef = CB6F3E542CA997AA005C2ED9 /* TicTacToeApp.swift */; };
		CB6F3E572CA997AA005C2ED9 /* StartView.swift in Sources */ = {isa = PBXBuildFile; fileRef = CB6F3E562CA997AA005C2ED9 /* StartView.swift */; };
		CB6F3E592CA997AB005C2ED9 /* Assets.xcassets in Resources */ = {isa = PBXBuildFile; fileRef = CB6F3E582CA997AB005C2ED9 /* Assets.xcassets */; };
		CB6F3E5C2CA997AB005C2ED9 /* Preview Assets.xcassets in Resources */ = {isa = PBXBuildFile; fileRef = CB6F3E5B2CA997AB005C2ED9 /* Preview Assets.xcassets */; };
		CB6F3E632CA99EFC005C2ED9 /* Font+ProjectFonts.swift in Sources */ = {isa = PBXBuildFile; fileRef = CB6F3E622CA99EFC005C2ED9 /* Font+ProjectFonts.swift */; };
		CB6F3E672CA9A539005C2ED9 /* BasicButton.swift in Sources */ = {isa = PBXBuildFile; fileRef = CB6F3E662CA9A539005C2ED9 /* BasicButton.swift */; };
		CB6F3E6B2CA9A5FD005C2ED9 /* BasicButtonStyle.swift in Sources */ = {isa = PBXBuildFile; fileRef = CB6F3E6A2CA9A5FD005C2ED9 /* BasicButtonStyle.swift */; };
		E1E0BDB42CA9EC4900DB8D34 /* GameManager.swift in Sources */ = {isa = PBXBuildFile; fileRef = E1E0BDB32CA9EC4900DB8D34 /* GameManager.swift */; };
		E1E0BDB72CA9EFF300DB8D34 /* GameModel.swift in Sources */ = {isa = PBXBuildFile; fileRef = E1E0BDB62CA9EFF300DB8D34 /* GameModel.swift */; };
		E1E0BDB92CA9F03400DB8D34 /* User.swift in Sources */ = {isa = PBXBuildFile; fileRef = E1E0BDB82CA9F03400DB8D34 /* User.swift */; };
		E1E0BDBC2CA9F6B300DB8D34 /* Resources.swift in Sources */ = {isa = PBXBuildFile; fileRef = E1E0BDBB2CA9F6B300DB8D34 /* Resources.swift */; };
		E1E0BDBE2CAA816A00DB8D34 /* TestGameView.swift in Sources */ = {isa = PBXBuildFile; fileRef = E1E0BDBD2CAA816A00DB8D34 /* TestGameView.swift */; };
		E1E0BDC02CAA865300DB8D34 /* SettingGameView.swift in Sources */ = {isa = PBXBuildFile; fileRef = E1E0BDBF2CAA865300DB8D34 /* SettingGameView.swift */; };
		E1E0BDC32CAA868B00DB8D34 /* ResultView.swift in Sources */ = {isa = PBXBuildFile; fileRef = E1E0BDC22CAA868B00DB8D34 /* ResultView.swift */; };
		E1E0BDC52CAA86C200DB8D34 /* RulesView.swift in Sources */ = {isa = PBXBuildFile; fileRef = E1E0BDC42CAA86C200DB8D34 /* RulesView.swift */; };
		E1E0BDCC2CAA89A400DB8D34 /* LocalizationManager.swift in Sources */ = {isa = PBXBuildFile; fileRef = E1E0BDCB2CAA89A400DB8D34 /* LocalizationManager.swift */; };
		E1E0BDCE2CAA8AE500DB8D34 /* String + Extension.swift in Sources */ = {isa = PBXBuildFile; fileRef = E1E0BDCD2CAA8AE500DB8D34 /* String + Extension.swift */; };
		E1E0BDD12CAA8DD900DB8D34 /* Coordinator.swift in Sources */ = {isa = PBXBuildFile; fileRef = E1E0BDD02CAA8DD900DB8D34 /* Coordinator.swift */; };
		E1E0BDD32CAA94A500DB8D34 /* StartViewModel.swift in Sources */ = {isa = PBXBuildFile; fileRef = E1E0BDD22CAA94A500DB8D34 /* StartViewModel.swift */; };
		E1E0BDD52CAA94B600DB8D34 /* SettingsViewModel.swift in Sources */ = {isa = PBXBuildFile; fileRef = E1E0BDD42CAA94B600DB8D34 /* SettingsViewModel.swift */; };
		E1E0BDD72CAA94CB00DB8D34 /* ResultViewModel.swift in Sources */ = {isa = PBXBuildFile; fileRef = E1E0BDD62CAA94CB00DB8D34 /* ResultViewModel.swift */; };
		E1E0BDD92CAA94FC00DB8D34 /* RulesViewModel.swift in Sources */ = {isa = PBXBuildFile; fileRef = E1E0BDD82CAA94FC00DB8D34 /* RulesViewModel.swift */; };
		E1E0BDDB2CAA974700DB8D34 /* Localizable.xcstrings in Resources */ = {isa = PBXBuildFile; fileRef = E1E0BDDA2CAA974700DB8D34 /* Localizable.xcstrings */; };
		E1E0BDDE2CAA997300DB8D34 /* CoordinatorVIew.swift in Sources */ = {isa = PBXBuildFile; fileRef = E1E0BDDD2CAA997300DB8D34 /* CoordinatorVIew.swift */; };
		E1E0BDE12CAA9B3700DB8D34 /* GameView.swift in Sources */ = {isa = PBXBuildFile; fileRef = E1E0BDE02CAA9B3700DB8D34 /* GameView.swift */; };
		E1E0BDE32CAA9B4A00DB8D34 /* GameViewModel.swift in Sources */ = {isa = PBXBuildFile; fileRef = E1E0BDE22CAA9B4A00DB8D34 /* GameViewModel.swift */; };
/* End PBXBuildFile section */

/* Begin PBXFileReference section */
		CB6F3E512CA997AA005C2ED9 /* TicTacToe.app */ = {isa = PBXFileReference; explicitFileType = wrapper.application; includeInIndex = 0; path = TicTacToe.app; sourceTree = BUILT_PRODUCTS_DIR; };
		CB6F3E542CA997AA005C2ED9 /* TicTacToeApp.swift */ = {isa = PBXFileReference; lastKnownFileType = sourcecode.swift; path = TicTacToeApp.swift; sourceTree = "<group>"; };
		CB6F3E562CA997AA005C2ED9 /* StartView.swift */ = {isa = PBXFileReference; lastKnownFileType = sourcecode.swift; path = StartView.swift; sourceTree = "<group>"; };
		CB6F3E582CA997AB005C2ED9 /* Assets.xcassets */ = {isa = PBXFileReference; lastKnownFileType = folder.assetcatalog; path = Assets.xcassets; sourceTree = "<group>"; };
		CB6F3E5B2CA997AB005C2ED9 /* Preview Assets.xcassets */ = {isa = PBXFileReference; lastKnownFileType = folder.assetcatalog; path = "Preview Assets.xcassets"; sourceTree = "<group>"; };
		CB6F3E622CA99EFC005C2ED9 /* Font+ProjectFonts.swift */ = {isa = PBXFileReference; lastKnownFileType = sourcecode.swift; path = "Font+ProjectFonts.swift"; sourceTree = "<group>"; };
		CB6F3E662CA9A539005C2ED9 /* BasicButton.swift */ = {isa = PBXFileReference; lastKnownFileType = sourcecode.swift; path = BasicButton.swift; sourceTree = "<group>"; };
		CB6F3E6A2CA9A5FD005C2ED9 /* BasicButtonStyle.swift */ = {isa = PBXFileReference; lastKnownFileType = sourcecode.swift; path = BasicButtonStyle.swift; sourceTree = "<group>"; };
		E1E0BDB32CA9EC4900DB8D34 /* GameManager.swift */ = {isa = PBXFileReference; lastKnownFileType = sourcecode.swift; path = GameManager.swift; sourceTree = "<group>"; };
		E1E0BDB62CA9EFF300DB8D34 /* GameModel.swift */ = {isa = PBXFileReference; lastKnownFileType = sourcecode.swift; path = GameModel.swift; sourceTree = "<group>"; };
		E1E0BDB82CA9F03400DB8D34 /* User.swift */ = {isa = PBXFileReference; lastKnownFileType = sourcecode.swift; path = User.swift; sourceTree = "<group>"; };
		E1E0BDBB2CA9F6B300DB8D34 /* Resources.swift */ = {isa = PBXFileReference; lastKnownFileType = sourcecode.swift; path = Resources.swift; sourceTree = "<group>"; };
		E1E0BDBD2CAA816A00DB8D34 /* TestGameView.swift */ = {isa = PBXFileReference; lastKnownFileType = sourcecode.swift; path = TestGameView.swift; sourceTree = "<group>"; };
		E1E0BDBF2CAA865300DB8D34 /* SettingGameView.swift */ = {isa = PBXFileReference; lastKnownFileType = sourcecode.swift; path = SettingGameView.swift; sourceTree = "<group>"; };
		E1E0BDC22CAA868B00DB8D34 /* ResultView.swift */ = {isa = PBXFileReference; lastKnownFileType = sourcecode.swift; path = ResultView.swift; sourceTree = "<group>"; };
		E1E0BDC42CAA86C200DB8D34 /* RulesView.swift */ = {isa = PBXFileReference; lastKnownFileType = sourcecode.swift; path = RulesView.swift; sourceTree = "<group>"; };
		E1E0BDCB2CAA89A400DB8D34 /* LocalizationManager.swift */ = {isa = PBXFileReference; lastKnownFileType = sourcecode.swift; path = LocalizationManager.swift; sourceTree = "<group>"; };
		E1E0BDCD2CAA8AE500DB8D34 /* String + Extension.swift */ = {isa = PBXFileReference; lastKnownFileType = sourcecode.swift; path = "String + Extension.swift"; sourceTree = "<group>"; };
		E1E0BDD02CAA8DD900DB8D34 /* Coordinator.swift */ = {isa = PBXFileReference; lastKnownFileType = sourcecode.swift; path = Coordinator.swift; sourceTree = "<group>"; };
		E1E0BDD22CAA94A500DB8D34 /* StartViewModel.swift */ = {isa = PBXFileReference; lastKnownFileType = sourcecode.swift; path = StartViewModel.swift; sourceTree = "<group>"; };
		E1E0BDD42CAA94B600DB8D34 /* SettingsViewModel.swift */ = {isa = PBXFileReference; lastKnownFileType = sourcecode.swift; path = SettingsViewModel.swift; sourceTree = "<group>"; };
		E1E0BDD62CAA94CB00DB8D34 /* ResultViewModel.swift */ = {isa = PBXFileReference; lastKnownFileType = sourcecode.swift; path = ResultViewModel.swift; sourceTree = "<group>"; };
		E1E0BDD82CAA94FC00DB8D34 /* RulesViewModel.swift */ = {isa = PBXFileReference; lastKnownFileType = sourcecode.swift; path = RulesViewModel.swift; sourceTree = "<group>"; };
		E1E0BDDA2CAA974700DB8D34 /* Localizable.xcstrings */ = {isa = PBXFileReference; lastKnownFileType = text.json.xcstrings; path = Localizable.xcstrings; sourceTree = "<group>"; };
		E1E0BDDD2CAA997300DB8D34 /* CoordinatorVIew.swift */ = {isa = PBXFileReference; lastKnownFileType = sourcecode.swift; path = CoordinatorVIew.swift; sourceTree = "<group>"; };
		E1E0BDE02CAA9B3700DB8D34 /* GameView.swift */ = {isa = PBXFileReference; lastKnownFileType = sourcecode.swift; path = GameView.swift; sourceTree = "<group>"; };
		E1E0BDE22CAA9B4A00DB8D34 /* GameViewModel.swift */ = {isa = PBXFileReference; lastKnownFileType = sourcecode.swift; path = GameViewModel.swift; sourceTree = "<group>"; };
/* End PBXFileReference section */

/* Begin PBXFrameworksBuildPhase section */
		CB6F3E4E2CA997AA005C2ED9 /* Frameworks */ = {
			isa = PBXFrameworksBuildPhase;
			buildActionMask = 2147483647;
			files = (
			);
			runOnlyForDeploymentPostprocessing = 0;
		};
/* End PBXFrameworksBuildPhase section */

/* Begin PBXGroup section */
		CB6F3E482CA997AA005C2ED9 = {
			isa = PBXGroup;
			children = (
				CB6F3E532CA997AA005C2ED9 /* TicTacToe */,
				CB6F3E522CA997AA005C2ED9 /* Products */,
			);
			sourceTree = "<group>";
		};
		CB6F3E522CA997AA005C2ED9 /* Products */ = {
			isa = PBXGroup;
			children = (
				CB6F3E512CA997AA005C2ED9 /* TicTacToe.app */,
			);
			name = Products;
			sourceTree = "<group>";
		};
		CB6F3E532CA997AA005C2ED9 /* TicTacToe */ = {
			isa = PBXGroup;
			children = (
				CB6F3E542CA997AA005C2ED9 /* TicTacToeApp.swift */,
				E1E0BDB52CA9EFCC00DB8D34 /* Models */,
				CB6F3E6C2CA9AF33005C2ED9 /* Screens */,
				CB6F3E652CA9A527005C2ED9 /* Base */,
				E1E0BDB22CA9EC3300DB8D34 /* Managers */,
				E1E0BDBA2CA9F67000DB8D34 /* Resources */,
				CB6F3E642CA9A3CD005C2ED9 /* Extensions */,
				CB6F3E5A2CA997AB005C2ED9 /* Preview Content */,
			);
			path = TicTacToe;
			sourceTree = "<group>";
		};
		CB6F3E5A2CA997AB005C2ED9 /* Preview Content */ = {
			isa = PBXGroup;
			children = (
				CB6F3E5B2CA997AB005C2ED9 /* Preview Assets.xcassets */,
			);
			path = "Preview Content";
			sourceTree = "<group>";
		};
		CB6F3E642CA9A3CD005C2ED9 /* Extensions */ = {
			isa = PBXGroup;
			children = (
				CB6F3E622CA99EFC005C2ED9 /* Font+ProjectFonts.swift */,
				E1E0BDCD2CAA8AE500DB8D34 /* String + Extension.swift */,
			);
			path = Extensions;
			sourceTree = "<group>";
		};
		CB6F3E652CA9A527005C2ED9 /* Base */ = {
			isa = PBXGroup;
			children = (
				CB6F3E662CA9A539005C2ED9 /* BasicButton.swift */,
				CB6F3E6A2CA9A5FD005C2ED9 /* BasicButtonStyle.swift */,
			);
			path = Base;
			sourceTree = "<group>";
		};
		CB6F3E6C2CA9AF33005C2ED9 /* Screens */ = {
			isa = PBXGroup;
			children = (
				CB6F3E6D2CA9AF3F005C2ED9 /* Start */,
				E1E0BDDF2CAA9B1800DB8D34 /* Game */,
				E1E0BDC12CAA865800DB8D34 /* Setting */,
				E1E0BDC62CAA86C700DB8D34 /* Result */,
				E1E0BDC72CAA86D400DB8D34 /* Rules */,
			);
			path = Screens;
			sourceTree = "<group>";
		};
		CB6F3E6D2CA9AF3F005C2ED9 /* Start */ = {
			isa = PBXGroup;
			children = (
				CB6F3E562CA997AA005C2ED9 /* StartView.swift */,
				E1E0BDD22CAA94A500DB8D34 /* StartViewModel.swift */,
			);
			path = Start;
			sourceTree = "<group>";
		};
		E1E0BDB22CA9EC3300DB8D34 /* Managers */ = {
			isa = PBXGroup;
			children = (
				E1E0BDB32CA9EC4900DB8D34 /* GameManager.swift */,
				E1E0BDCF2CAA8DBE00DB8D34 /* Coordinator */,
				E1E0BDDC2CAA976500DB8D34 /* Localizations */,
			);
			path = Managers;
			sourceTree = "<group>";
		};
		E1E0BDB52CA9EFCC00DB8D34 /* Models */ = {
			isa = PBXGroup;
			children = (
				E1E0BDB62CA9EFF300DB8D34 /* GameModel.swift */,
				E1E0BDB82CA9F03400DB8D34 /* User.swift */,
			);
			path = Models;
			sourceTree = "<group>";
		};
		E1E0BDBA2CA9F67000DB8D34 /* Resources */ = {
			isa = PBXGroup;
			children = (
				E1E0BDBB2CA9F6B300DB8D34 /* Resources.swift */,
				E1E0BDBD2CAA816A00DB8D34 /* TestGameView.swift */,
				CB6F3E582CA997AB005C2ED9 /* Assets.xcassets */,
			);
			path = Resources;
			sourceTree = "<group>";
		};
		E1E0BDC12CAA865800DB8D34 /* Setting */ = {
			isa = PBXGroup;
			children = (
				E1E0BDBF2CAA865300DB8D34 /* SettingGameView.swift */,
				E1E0BDD42CAA94B600DB8D34 /* SettingsViewModel.swift */,
			);
			path = Setting;
			sourceTree = "<group>";
		};
		E1E0BDC62CAA86C700DB8D34 /* Result */ = {
			isa = PBXGroup;
			children = (
				E1E0BDC22CAA868B00DB8D34 /* ResultView.swift */,
				E1E0BDD62CAA94CB00DB8D34 /* ResultViewModel.swift */,
			);
			path = Result;
			sourceTree = "<group>";
		};
		E1E0BDC72CAA86D400DB8D34 /* Rules */ = {
			isa = PBXGroup;
			children = (
				E1E0BDC42CAA86C200DB8D34 /* RulesView.swift */,
				E1E0BDD82CAA94FC00DB8D34 /* RulesViewModel.swift */,
			);
			path = Rules;
			sourceTree = "<group>";
		};
		E1E0BDCF2CAA8DBE00DB8D34 /* Coordinator */ = {
			isa = PBXGroup;
			children = (
				E1E0BDD02CAA8DD900DB8D34 /* Coordinator.swift */,
				E1E0BDDD2CAA997300DB8D34 /* CoordinatorVIew.swift */,
			);
			path = Coordinator;
			sourceTree = "<group>";
		};
		E1E0BDDC2CAA976500DB8D34 /* Localizations */ = {
			isa = PBXGroup;
			children = (
				E1E0BDCB2CAA89A400DB8D34 /* LocalizationManager.swift */,
				E1E0BDDA2CAA974700DB8D34 /* Localizable.xcstrings */,
			);
			path = Localizations;
			sourceTree = "<group>";
		};
		E1E0BDDF2CAA9B1800DB8D34 /* Game */ = {
			isa = PBXGroup;
			children = (
				E1E0BDE02CAA9B3700DB8D34 /* GameView.swift */,
				E1E0BDE22CAA9B4A00DB8D34 /* GameViewModel.swift */,
			);
			path = Game;
			sourceTree = "<group>";
		};
/* End PBXGroup section */

/* Begin PBXNativeTarget section */
		CB6F3E502CA997AA005C2ED9 /* TicTacToe */ = {
			isa = PBXNativeTarget;
			buildConfigurationList = CB6F3E5F2CA997AB005C2ED9 /* Build configuration list for PBXNativeTarget "TicTacToe" */;
			buildPhases = (
				CB6F3E4D2CA997AA005C2ED9 /* Sources */,
				CB6F3E4E2CA997AA005C2ED9 /* Frameworks */,
				CB6F3E4F2CA997AA005C2ED9 /* Resources */,
			);
			buildRules = (
			);
			dependencies = (
			);
			name = TicTacToe;
			productName = TicTacToe;
			productReference = CB6F3E512CA997AA005C2ED9 /* TicTacToe.app */;
			productType = "com.apple.product-type.application";
		};
/* End PBXNativeTarget section */

/* Begin PBXProject section */
		CB6F3E492CA997AA005C2ED9 /* Project object */ = {
			isa = PBXProject;
			attributes = {
				BuildIndependentTargetsInParallel = 1;
				LastSwiftUpdateCheck = 1540;
				LastUpgradeCheck = 1540;
				TargetAttributes = {
					CB6F3E502CA997AA005C2ED9 = {
						CreatedOnToolsVersion = 15.4;
					};
				};
			};
			buildConfigurationList = CB6F3E4C2CA997AA005C2ED9 /* Build configuration list for PBXProject "TicTacToe" */;
			compatibilityVersion = "Xcode 14.0";
			developmentRegion = en;
			hasScannedForEncodings = 0;
			knownRegions = (
				en,
				Base,
			);
			mainGroup = CB6F3E482CA997AA005C2ED9;
			productRefGroup = CB6F3E522CA997AA005C2ED9 /* Products */;
			projectDirPath = "";
			projectRoot = "";
			targets = (
				CB6F3E502CA997AA005C2ED9 /* TicTacToe */,
			);
		};
/* End PBXProject section */

/* Begin PBXResourcesBuildPhase section */
		CB6F3E4F2CA997AA005C2ED9 /* Resources */ = {
			isa = PBXResourcesBuildPhase;
			buildActionMask = 2147483647;
			files = (
				CB6F3E5C2CA997AB005C2ED9 /* Preview Assets.xcassets in Resources */,
				CB6F3E592CA997AB005C2ED9 /* Assets.xcassets in Resources */,
				E1E0BDDB2CAA974700DB8D34 /* Localizable.xcstrings in Resources */,
			);
			runOnlyForDeploymentPostprocessing = 0;
		};
/* End PBXResourcesBuildPhase section */

/* Begin PBXSourcesBuildPhase section */
		CB6F3E4D2CA997AA005C2ED9 /* Sources */ = {
			isa = PBXSourcesBuildPhase;
			buildActionMask = 2147483647;
			files = (
				CB6F3E572CA997AA005C2ED9 /* StartView.swift in Sources */,
				E1E0BDD92CAA94FC00DB8D34 /* RulesViewModel.swift in Sources */,
				E1E0BDBC2CA9F6B300DB8D34 /* Resources.swift in Sources */,
				E1E0BDCE2CAA8AE500DB8D34 /* String + Extension.swift in Sources */,
				E1E0BDB42CA9EC4900DB8D34 /* GameManager.swift in Sources */,
				CB6F3E632CA99EFC005C2ED9 /* Font+ProjectFonts.swift in Sources */,
				E1E0BDD52CAA94B600DB8D34 /* SettingsViewModel.swift in Sources */,
				E1E0BDBE2CAA816A00DB8D34 /* TestGameView.swift in Sources */,
				E1E0BDC32CAA868B00DB8D34 /* ResultView.swift in Sources */,
				CB6F3E6B2CA9A5FD005C2ED9 /* BasicButtonStyle.swift in Sources */,
				E1E0BDB92CA9F03400DB8D34 /* User.swift in Sources */,
				CB6F3E552CA997AA005C2ED9 /* TicTacToeApp.swift in Sources */,
				E1E0BDE12CAA9B3700DB8D34 /* GameView.swift in Sources */,
				E1E0BDD72CAA94CB00DB8D34 /* ResultViewModel.swift in Sources */,
				E1E0BDD12CAA8DD900DB8D34 /* Coordinator.swift in Sources */,
				E1E0BDC02CAA865300DB8D34 /* SettingGameView.swift in Sources */,
				E1E0BDDE2CAA997300DB8D34 /* CoordinatorVIew.swift in Sources */,
				E1E0BDCC2CAA89A400DB8D34 /* LocalizationManager.swift in Sources */,
				E1E0BDD32CAA94A500DB8D34 /* StartViewModel.swift in Sources */,
				E1E0BDB72CA9EFF300DB8D34 /* GameModel.swift in Sources */,
				E1E0BDE32CAA9B4A00DB8D34 /* GameViewModel.swift in Sources */,
				CB6F3E672CA9A539005C2ED9 /* BasicButton.swift in Sources */,
				E1E0BDC52CAA86C200DB8D34 /* RulesView.swift in Sources */,
			);
			runOnlyForDeploymentPostprocessing = 0;
		};
/* End PBXSourcesBuildPhase section */

/* Begin XCBuildConfiguration section */
		CB6F3E5D2CA997AB005C2ED9 /* Debug */ = {
			isa = XCBuildConfiguration;
			buildSettings = {
				ALWAYS_SEARCH_USER_PATHS = NO;
				ASSETCATALOG_COMPILER_GENERATE_SWIFT_ASSET_SYMBOL_EXTENSIONS = YES;
				CLANG_ANALYZER_NONNULL = YES;
				CLANG_ANALYZER_NUMBER_OBJECT_CONVERSION = YES_AGGRESSIVE;
				CLANG_CXX_LANGUAGE_STANDARD = "gnu++20";
				CLANG_ENABLE_MODULES = YES;
				CLANG_ENABLE_OBJC_ARC = YES;
				CLANG_ENABLE_OBJC_WEAK = YES;
				CLANG_WARN_BLOCK_CAPTURE_AUTORELEASING = YES;
				CLANG_WARN_BOOL_CONVERSION = YES;
				CLANG_WARN_COMMA = YES;
				CLANG_WARN_CONSTANT_CONVERSION = YES;
				CLANG_WARN_DEPRECATED_OBJC_IMPLEMENTATIONS = YES;
				CLANG_WARN_DIRECT_OBJC_ISA_USAGE = YES_ERROR;
				CLANG_WARN_DOCUMENTATION_COMMENTS = YES;
				CLANG_WARN_EMPTY_BODY = YES;
				CLANG_WARN_ENUM_CONVERSION = YES;
				CLANG_WARN_INFINITE_RECURSION = YES;
				CLANG_WARN_INT_CONVERSION = YES;
				CLANG_WARN_NON_LITERAL_NULL_CONVERSION = YES;
				CLANG_WARN_OBJC_IMPLICIT_RETAIN_SELF = YES;
				CLANG_WARN_OBJC_LITERAL_CONVERSION = YES;
				CLANG_WARN_OBJC_ROOT_CLASS = YES_ERROR;
				CLANG_WARN_QUOTED_INCLUDE_IN_FRAMEWORK_HEADER = YES;
				CLANG_WARN_RANGE_LOOP_ANALYSIS = YES;
				CLANG_WARN_STRICT_PROTOTYPES = YES;
				CLANG_WARN_SUSPICIOUS_MOVE = YES;
				CLANG_WARN_UNGUARDED_AVAILABILITY = YES_AGGRESSIVE;
				CLANG_WARN_UNREACHABLE_CODE = YES;
				CLANG_WARN__DUPLICATE_METHOD_MATCH = YES;
				COPY_PHASE_STRIP = NO;
				DEBUG_INFORMATION_FORMAT = dwarf;
				ENABLE_STRICT_OBJC_MSGSEND = YES;
				ENABLE_TESTABILITY = YES;
				ENABLE_USER_SCRIPT_SANDBOXING = YES;
				GCC_C_LANGUAGE_STANDARD = gnu17;
				GCC_DYNAMIC_NO_PIC = NO;
				GCC_NO_COMMON_BLOCKS = YES;
				GCC_OPTIMIZATION_LEVEL = 0;
				GCC_PREPROCESSOR_DEFINITIONS = (
					"DEBUG=1",
					"$(inherited)",
				);
				GCC_WARN_64_TO_32_BIT_CONVERSION = YES;
				GCC_WARN_ABOUT_RETURN_TYPE = YES_ERROR;
				GCC_WARN_UNDECLARED_SELECTOR = YES;
				GCC_WARN_UNINITIALIZED_AUTOS = YES_AGGRESSIVE;
				GCC_WARN_UNUSED_FUNCTION = YES;
				GCC_WARN_UNUSED_VARIABLE = YES;
				IPHONEOS_DEPLOYMENT_TARGET = 15.0;
				LOCALIZATION_PREFERS_STRING_CATALOGS = YES;
				MTL_ENABLE_DEBUG_INFO = INCLUDE_SOURCE;
				MTL_FAST_MATH = YES;
				ONLY_ACTIVE_ARCH = YES;
				SDKROOT = iphoneos;
				SWIFT_ACTIVE_COMPILATION_CONDITIONS = "DEBUG $(inherited)";
				SWIFT_OPTIMIZATION_LEVEL = "-Onone";
			};
			name = Debug;
		};
		CB6F3E5E2CA997AB005C2ED9 /* Release */ = {
			isa = XCBuildConfiguration;
			buildSettings = {
				ALWAYS_SEARCH_USER_PATHS = NO;
				ASSETCATALOG_COMPILER_GENERATE_SWIFT_ASSET_SYMBOL_EXTENSIONS = YES;
				CLANG_ANALYZER_NONNULL = YES;
				CLANG_ANALYZER_NUMBER_OBJECT_CONVERSION = YES_AGGRESSIVE;
				CLANG_CXX_LANGUAGE_STANDARD = "gnu++20";
				CLANG_ENABLE_MODULES = YES;
				CLANG_ENABLE_OBJC_ARC = YES;
				CLANG_ENABLE_OBJC_WEAK = YES;
				CLANG_WARN_BLOCK_CAPTURE_AUTORELEASING = YES;
				CLANG_WARN_BOOL_CONVERSION = YES;
				CLANG_WARN_COMMA = YES;
				CLANG_WARN_CONSTANT_CONVERSION = YES;
				CLANG_WARN_DEPRECATED_OBJC_IMPLEMENTATIONS = YES;
				CLANG_WARN_DIRECT_OBJC_ISA_USAGE = YES_ERROR;
				CLANG_WARN_DOCUMENTATION_COMMENTS = YES;
				CLANG_WARN_EMPTY_BODY = YES;
				CLANG_WARN_ENUM_CONVERSION = YES;
				CLANG_WARN_INFINITE_RECURSION = YES;
				CLANG_WARN_INT_CONVERSION = YES;
				CLANG_WARN_NON_LITERAL_NULL_CONVERSION = YES;
				CLANG_WARN_OBJC_IMPLICIT_RETAIN_SELF = YES;
				CLANG_WARN_OBJC_LITERAL_CONVERSION = YES;
				CLANG_WARN_OBJC_ROOT_CLASS = YES_ERROR;
				CLANG_WARN_QUOTED_INCLUDE_IN_FRAMEWORK_HEADER = YES;
				CLANG_WARN_RANGE_LOOP_ANALYSIS = YES;
				CLANG_WARN_STRICT_PROTOTYPES = YES;
				CLANG_WARN_SUSPICIOUS_MOVE = YES;
				CLANG_WARN_UNGUARDED_AVAILABILITY = YES_AGGRESSIVE;
				CLANG_WARN_UNREACHABLE_CODE = YES;
				CLANG_WARN__DUPLICATE_METHOD_MATCH = YES;
				COPY_PHASE_STRIP = NO;
				DEBUG_INFORMATION_FORMAT = "dwarf-with-dsym";
				ENABLE_NS_ASSERTIONS = NO;
				ENABLE_STRICT_OBJC_MSGSEND = YES;
				ENABLE_USER_SCRIPT_SANDBOXING = YES;
				GCC_C_LANGUAGE_STANDARD = gnu17;
				GCC_NO_COMMON_BLOCKS = YES;
				GCC_WARN_64_TO_32_BIT_CONVERSION = YES;
				GCC_WARN_ABOUT_RETURN_TYPE = YES_ERROR;
				GCC_WARN_UNDECLARED_SELECTOR = YES;
				GCC_WARN_UNINITIALIZED_AUTOS = YES_AGGRESSIVE;
				GCC_WARN_UNUSED_FUNCTION = YES;
				GCC_WARN_UNUSED_VARIABLE = YES;
				IPHONEOS_DEPLOYMENT_TARGET = 15.0;
				LOCALIZATION_PREFERS_STRING_CATALOGS = YES;
				MTL_ENABLE_DEBUG_INFO = NO;
				MTL_FAST_MATH = YES;
				SDKROOT = iphoneos;
				SWIFT_COMPILATION_MODE = wholemodule;
				VALIDATE_PRODUCT = YES;
			};
			name = Release;
		};
		CB6F3E602CA997AB005C2ED9 /* Debug */ = {
			isa = XCBuildConfiguration;
			buildSettings = {
				ASSETCATALOG_COMPILER_APPICON_NAME = AppIcon;
				ASSETCATALOG_COMPILER_GLOBAL_ACCENT_COLOR_NAME = AccentColor;
				CODE_SIGN_STYLE = Automatic;
				CURRENT_PROJECT_VERSION = 1;
				DEVELOPMENT_ASSET_PATHS = "\"TicTacToe/Preview Content\"";
				DEVELOPMENT_TEAM = Y5B46GH7KM;
				ENABLE_PREVIEWS = YES;
				GENERATE_INFOPLIST_FILE = YES;
				INFOPLIST_KEY_UIApplicationSceneManifest_Generation = YES;
				INFOPLIST_KEY_UIApplicationSupportsIndirectInputEvents = YES;
				INFOPLIST_KEY_UILaunchScreen_Generation = YES;
				INFOPLIST_KEY_UISupportedInterfaceOrientations = UIInterfaceOrientationPortrait;
				INFOPLIST_KEY_UISupportedInterfaceOrientations_iPad = "UIInterfaceOrientationLandscapeLeft UIInterfaceOrientationLandscapeRight UIInterfaceOrientationPortrait UIInterfaceOrientationPortraitUpsideDown";
				IPHONEOS_DEPLOYMENT_TARGET = 15.0;
				LD_RUNPATH_SEARCH_PATHS = (
					"$(inherited)",
					"@executable_path/Frameworks",
				);
				MARKETING_VERSION = 1.0;
				PRODUCT_BUNDLE_IDENTIFIER = com.MariaNesterova.TicTacToe;
				PRODUCT_NAME = "$(TARGET_NAME)";
				SUPPORTED_PLATFORMS = "iphoneos iphonesimulator";
				SUPPORTS_MACCATALYST = NO;
				SUPPORTS_MAC_DESIGNED_FOR_IPHONE_IPAD = NO;
				SUPPORTS_XR_DESIGNED_FOR_IPHONE_IPAD = NO;
				SWIFT_EMIT_LOC_STRINGS = YES;
				SWIFT_VERSION = 5.0;
				TARGETED_DEVICE_FAMILY = 1;
			};
			name = Debug;
		};
		CB6F3E612CA997AB005C2ED9 /* Release */ = {
			isa = XCBuildConfiguration;
			buildSettings = {
				ASSETCATALOG_COMPILER_APPICON_NAME = AppIcon;
				ASSETCATALOG_COMPILER_GLOBAL_ACCENT_COLOR_NAME = AccentColor;
				CODE_SIGN_STYLE = Automatic;
				CURRENT_PROJECT_VERSION = 1;
				DEVELOPMENT_ASSET_PATHS = "\"TicTacToe/Preview Content\"";
				DEVELOPMENT_TEAM = Y5B46GH7KM;
				ENABLE_PREVIEWS = YES;
				GENERATE_INFOPLIST_FILE = YES;
				INFOPLIST_KEY_UIApplicationSceneManifest_Generation = YES;
				INFOPLIST_KEY_UIApplicationSupportsIndirectInputEvents = YES;
				INFOPLIST_KEY_UILaunchScreen_Generation = YES;
				INFOPLIST_KEY_UISupportedInterfaceOrientations = UIInterfaceOrientationPortrait;
				INFOPLIST_KEY_UISupportedInterfaceOrientations_iPad = "UIInterfaceOrientationLandscapeLeft UIInterfaceOrientationLandscapeRight UIInterfaceOrientationPortrait UIInterfaceOrientationPortraitUpsideDown";
				IPHONEOS_DEPLOYMENT_TARGET = 15.0;
				LD_RUNPATH_SEARCH_PATHS = (
					"$(inherited)",
					"@executable_path/Frameworks",
				);
				MARKETING_VERSION = 1.0;
				PRODUCT_BUNDLE_IDENTIFIER = com.MariaNesterova.TicTacToe;
				PRODUCT_NAME = "$(TARGET_NAME)";
				SUPPORTED_PLATFORMS = "iphoneos iphonesimulator";
				SUPPORTS_MACCATALYST = NO;
				SUPPORTS_MAC_DESIGNED_FOR_IPHONE_IPAD = NO;
				SUPPORTS_XR_DESIGNED_FOR_IPHONE_IPAD = NO;
				SWIFT_EMIT_LOC_STRINGS = YES;
				SWIFT_VERSION = 5.0;
				TARGETED_DEVICE_FAMILY = 1;
			};
			name = Release;
		};
/* End XCBuildConfiguration section */

/* Begin XCConfigurationList section */
		CB6F3E4C2CA997AA005C2ED9 /* Build configuration list for PBXProject "TicTacToe" */ = {
			isa = XCConfigurationList;
			buildConfigurations = (
				CB6F3E5D2CA997AB005C2ED9 /* Debug */,
				CB6F3E5E2CA997AB005C2ED9 /* Release */,
			);
			defaultConfigurationIsVisible = 0;
			defaultConfigurationName = Release;
		};
		CB6F3E5F2CA997AB005C2ED9 /* Build configuration list for PBXNativeTarget "TicTacToe" */ = {
			isa = XCConfigurationList;
			buildConfigurations = (
				CB6F3E602CA997AB005C2ED9 /* Debug */,
				CB6F3E612CA997AB005C2ED9 /* Release */,
			);
			defaultConfigurationIsVisible = 0;
			defaultConfigurationName = Release;
		};
/* End XCConfigurationList section */
	};
	rootObject = CB6F3E492CA997AA005C2ED9 /* Project object */;
}
