// !$*UTF8*$!
{
	archiveVersion = 1;
	classes = {
	};
	objectVersion = 56;
	objects = {

/* Begin PBXBuildFile section */
		ADA899CA2CADAF8300363BDB /* GameSelectView.swift in Sources */ = {isa = PBXBuildFile; fileRef = ADA899C92CADAF7900363BDB /* GameSelectView.swift */; };
		CB33F1372CB174070008A39F /* TimerManager.swift in Sources */ = {isa = PBXBuildFile; fileRef = CB33F1362CB174070008A39F /* TimerManager.swift */; };
		CB33F13E2CB19C400008A39F /* LaunchScreen.swift in Sources */ = {isa = PBXBuildFile; fileRef = CB33F13C2CB19C400008A39F /* LaunchScreen.swift */; };
		CB511C4B2CAFD1E5001454B5 /* classic.mp3 in Resources */ = {isa = PBXBuildFile; fileRef = CB511C442CAFD1E5001454B5 /* classic.mp3 */; };
		CB511C4C2CAFD1E5001454B5 /* final.mp3 in Resources */ = {isa = PBXBuildFile; fileRef = CB511C452CAFD1E5001454B5 /* final.mp3 */; };
		CB511C4D2CAFD1E5001454B5 /* instrumental.mp3 in Resources */ = {isa = PBXBuildFile; fileRef = CB511C462CAFD1E5001454B5 /* instrumental.mp3 */; };
		CB511C4E2CAFD1E5001454B5 /* move1.mp3 in Resources */ = {isa = PBXBuildFile; fileRef = CB511C472CAFD1E5001454B5 /* move1.mp3 */; };
		CB511C4F2CAFD1E5001454B5 /* move2.mp3 in Resources */ = {isa = PBXBuildFile; fileRef = CB511C482CAFD1E5001454B5 /* move2.mp3 */; };
		CB511C502CAFD1E5001454B5 /* nature.mp3 in Resources */ = {isa = PBXBuildFile; fileRef = CB511C492CAFD1E5001454B5 /* nature.mp3 */; };
		CB6F3E552CA997AA005C2ED9 /* TicTacToeApp.swift in Sources */ = {isa = PBXBuildFile; fileRef = CB6F3E542CA997AA005C2ED9 /* TicTacToeApp.swift */; };
		CB6F3E572CA997AA005C2ED9 /* StartView.swift in Sources */ = {isa = PBXBuildFile; fileRef = CB6F3E562CA997AA005C2ED9 /* StartView.swift */; };
		CB6F3E592CA997AB005C2ED9 /* Assets.xcassets in Resources */ = {isa = PBXBuildFile; fileRef = CB6F3E582CA997AB005C2ED9 /* Assets.xcassets */; };
		CB6F3E5C2CA997AB005C2ED9 /* Preview Assets.xcassets in Resources */ = {isa = PBXBuildFile; fileRef = CB6F3E5B2CA997AB005C2ED9 /* Preview Assets.xcassets */; };
		CB6F3E632CA99EFC005C2ED9 /* Font+ProjectFonts.swift in Sources */ = {isa = PBXBuildFile; fileRef = CB6F3E622CA99EFC005C2ED9 /* Font+ProjectFonts.swift */; };
		CB6F3E672CA9A539005C2ED9 /* BasicButton.swift in Sources */ = {isa = PBXBuildFile; fileRef = CB6F3E662CA9A539005C2ED9 /* BasicButton.swift */; };
		CB6F3E6B2CA9A5FD005C2ED9 /* BasicButtonStyle.swift in Sources */ = {isa = PBXBuildFile; fileRef = CB6F3E6A2CA9A5FD005C2ED9 /* BasicButtonStyle.swift */; };
		CB7C6CE22CB5102600EF1DA9 /* ShadowViewModifier.swift in Sources */ = {isa = PBXBuildFile; fileRef = CB7C6CE12CB5102600EF1DA9 /* ShadowViewModifier.swift */; };
		CB86AF392CAC95DF00C025FA /* LeaderboardView.swift in Sources */ = {isa = PBXBuildFile; fileRef = CB86AF382CAC95DF00C025FA /* LeaderboardView.swift */; };
		CB86AF3B2CAC95EE00C025FA /* LeaderboardViewModel.swift in Sources */ = {isa = PBXBuildFile; fileRef = CB86AF3A2CAC95EE00C025FA /* LeaderboardViewModel.swift */; };
		E1392EEF2CAD2E6C00112013 /* UserManager.swift in Sources */ = {isa = PBXBuildFile; fileRef = E1392EEC2CAD2E6C00112013 /* UserManager.swift */; };
		E1392EF12CAD2E6C00112013 /* StorageManager.swift in Sources */ = {isa = PBXBuildFile; fileRef = E1392EEE2CAD2E6C00112013 /* StorageManager.swift */; };
		E1392EF62CAD2E8300112013 /* GameSymbolSelectionView.swift in Sources */ = {isa = PBXBuildFile; fileRef = E1392EF22CAD2E8300112013 /* GameSymbolSelectionView.swift */; };
		E1392EF82CAD2E8300112013 /* GameSelecViewModel.swift in Sources */ = {isa = PBXBuildFile; fileRef = E1392EF42CAD2E8300112013 /* GameSelecViewModel.swift */; };
		E1392EFA2CAD367F00112013 /* SettingModel.swift in Sources */ = {isa = PBXBuildFile; fileRef = E1392EF92CAD367F00112013 /* SettingModel.swift */; };
		E1392F002CAD450800112013 /* SkinCellView.swift in Sources */ = {isa = PBXBuildFile; fileRef = E1392EFF2CAD450800112013 /* SkinCellView.swift */; };
		E1392F022CAD47D400112013 /* ToolBarView.swift in Sources */ = {isa = PBXBuildFile; fileRef = E1392F012CAD47D400112013 /* ToolBarView.swift */; };
		E1392F052CAD5B7800112013 /* SettingPickerView.swift in Sources */ = {isa = PBXBuildFile; fileRef = E1392F042CAD5B7800112013 /* SettingPickerView.swift */; };
		E1392F072CADA88500112013 /* GameView.swift in Sources */ = {isa = PBXBuildFile; fileRef = E1392F062CADA88400112013 /* GameView.swift */; };
		E1392F0E2CADD9E700112013 /* GameResult.swift in Sources */ = {isa = PBXBuildFile; fileRef = E1392F0D2CADD9E700112013 /* GameResult.swift */; };
		E1392F112CADE7DD00112013 /* GameViewModel.swift in Sources */ = {isa = PBXBuildFile; fileRef = E1392F102CADE7DD00112013 /* GameViewModel.swift */; };
		E1392F152CADE80300112013 /* GameFieldView.swift in Sources */ = {isa = PBXBuildFile; fileRef = E1392F122CADE80300112013 /* GameFieldView.swift */; };
		E1392F162CADE80300112013 /* PlayerSquareView.swift in Sources */ = {isa = PBXBuildFile; fileRef = E1392F132CADE80300112013 /* PlayerSquareView.swift */; };
		E1392F172CADE80300112013 /* GameSquareView.swift in Sources */ = {isa = PBXBuildFile; fileRef = E1392F142CADE80300112013 /* GameSquareView.swift */; };
		E1392F1B2CADEAD200112013 /* MusicManager.swift in Sources */ = {isa = PBXBuildFile; fileRef = E1392F182CADEAD200112013 /* MusicManager.swift */; };
		E1392F1C2CADEAD200112013 /* MusicStorage.swift in Sources */ = {isa = PBXBuildFile; fileRef = E1392F192CADEAD200112013 /* MusicStorage.swift */; };
		E148E8682CAF420800018E70 /* GameMode.swift in Sources */ = {isa = PBXBuildFile; fileRef = E148E8672CAF420800018E70 /* GameMode.swift */; };
		E148E8782CB282D300018E70 /* CustomAlertView.swift in Sources */ = {isa = PBXBuildFile; fileRef = E148E8772CB282D300018E70 /* CustomAlertView.swift */; };
		E148E87D2CB2C79100018E70 /* WinnerLine.swift in Sources */ = {isa = PBXBuildFile; fileRef = E148E87C2CB2C79100018E70 /* WinnerLine.swift */; };
		E1B09F502CB4233900F76BA3 /* TimerView.swift in Sources */ = {isa = PBXBuildFile; fileRef = E1B09F4F2CB4233900F76BA3 /* TimerView.swift */; };
		E1B09F522CB44C0600F76BA3 /* ShadowedCardView.swift in Sources */ = {isa = PBXBuildFile; fileRef = E1B09F512CB44C0600F76BA3 /* ShadowedCardView.swift */; };
		E1B09F542CB44C1B00F76BA3 /* LightBlueBackgroundView.swift in Sources */ = {isa = PBXBuildFile; fileRef = E1B09F532CB44C1B00F76BA3 /* LightBlueBackgroundView.swift */; };
		E1B09F562CB44C4B00F76BA3 /* TitleTextModifier.swift in Sources */ = {isa = PBXBuildFile; fileRef = E1B09F552CB44C4B00F76BA3 /* TitleTextModifier.swift */; };
		E1E0BDB42CA9EC4900DB8D34 /* GameManager.swift in Sources */ = {isa = PBXBuildFile; fileRef = E1E0BDB32CA9EC4900DB8D34 /* GameManager.swift */; };
		E1E0BDB92CA9F03400DB8D34 /* Player.swift in Sources */ = {isa = PBXBuildFile; fileRef = E1E0BDB82CA9F03400DB8D34 /* Player.swift */; };
		E1E0BDBC2CA9F6B300DB8D34 /* Resources.swift in Sources */ = {isa = PBXBuildFile; fileRef = E1E0BDBB2CA9F6B300DB8D34 /* Resources.swift */; };
		E1E0BDC02CAA865300DB8D34 /* SettingGameView.swift in Sources */ = {isa = PBXBuildFile; fileRef = E1E0BDBF2CAA865300DB8D34 /* SettingGameView.swift */; };
		E1E0BDC32CAA868B00DB8D34 /* ResultView.swift in Sources */ = {isa = PBXBuildFile; fileRef = E1E0BDC22CAA868B00DB8D34 /* ResultView.swift */; };
		E1E0BDC52CAA86C200DB8D34 /* RulesView.swift in Sources */ = {isa = PBXBuildFile; fileRef = E1E0BDC42CAA86C200DB8D34 /* RulesView.swift */; };
		E1E0BDCC2CAA89A400DB8D34 /* LocalizationManager.swift in Sources */ = {isa = PBXBuildFile; fileRef = E1E0BDCB2CAA89A400DB8D34 /* LocalizationManager.swift */; };
		E1E0BDCE2CAA8AE500DB8D34 /* String + Extension.swift in Sources */ = {isa = PBXBuildFile; fileRef = E1E0BDCD2CAA8AE500DB8D34 /* String + Extension.swift */; };
		E1E0BDD12CAA8DD900DB8D34 /* Coordinator.swift in Sources */ = {isa = PBXBuildFile; fileRef = E1E0BDD02CAA8DD900DB8D34 /* Coordinator.swift */; };
		E1E0BDD32CAA94A500DB8D34 /* StartViewModel.swift in Sources */ = {isa = PBXBuildFile; fileRef = E1E0BDD22CAA94A500DB8D34 /* StartViewModel.swift */; };
		E1E0BDD52CAA94B600DB8D34 /* SettingsViewModel.swift in Sources */ = {isa = PBXBuildFile; fileRef = E1E0BDD42CAA94B600DB8D34 /* SettingsViewModel.swift */; };
		E1E0BDD72CAA94CB00DB8D34 /* ResultViewModel.swift in Sources */ = {isa = PBXBuildFile; fileRef = E1E0BDD62CAA94CB00DB8D34 /* ResultViewModel.swift */; };
		E1E0BDD92CAA94FC00DB8D34 /* RulesViewModel.swift in Sources */ = {isa = PBXBuildFile; fileRef = E1E0BDD82CAA94FC00DB8D34 /* RulesViewModel.swift */; };
		E1E0BDDB2CAA974700DB8D34 /* Localizable.xcstrings in Resources */ = {isa = PBXBuildFile; fileRef = E1E0BDDA2CAA974700DB8D34 /* Localizable.xcstrings */; };
		E1E0BDDE2CAA997300DB8D34 /* CoordinatorVIew.swift in Sources */ = {isa = PBXBuildFile; fileRef = E1E0BDDD2CAA997300DB8D34 /* CoordinatorVIew.swift */; };
		E1FCE9512CB6E15D0026CA1F /* CustomTextField.swift in Sources */ = {isa = PBXBuildFile; fileRef = E1FCE9502CB6E15D0026CA1F /* CustomTextField.swift */; };
		E1FCE9532CB7AB060026CA1F /* GameModeButton.swift in Sources */ = {isa = PBXBuildFile; fileRef = E1FCE9522CB7AB060026CA1F /* GameModeButton.swift */; };
/* End PBXBuildFile section */

/* Begin PBXFileReference section */
		ADA899C92CADAF7900363BDB /* GameSelectView.swift */ = {isa = PBXFileReference; lastKnownFileType = sourcecode.swift; path = GameSelectView.swift; sourceTree = "<group>"; };
		CB33F1362CB174070008A39F /* TimerManager.swift */ = {isa = PBXFileReference; lastKnownFileType = sourcecode.swift; path = TimerManager.swift; sourceTree = "<group>"; };
		CB33F13C2CB19C400008A39F /* LaunchScreen.swift */ = {isa = PBXFileReference; fileEncoding = 4; lastKnownFileType = sourcecode.swift; path = LaunchScreen.swift; sourceTree = "<group>"; };
		CB33F13F2CB19C590008A39F /* Info.plist */ = {isa = PBXFileReference; lastKnownFileType = text.plist.xml; path = Info.plist; sourceTree = "<group>"; };
		CB511C442CAFD1E5001454B5 /* classic.mp3 */ = {isa = PBXFileReference; lastKnownFileType = audio.mp3; path = classic.mp3; sourceTree = "<group>"; };
		CB511C452CAFD1E5001454B5 /* final.mp3 */ = {isa = PBXFileReference; lastKnownFileType = audio.mp3; path = final.mp3; sourceTree = "<group>"; };
		CB511C462CAFD1E5001454B5 /* instrumental.mp3 */ = {isa = PBXFileReference; lastKnownFileType = audio.mp3; path = instrumental.mp3; sourceTree = "<group>"; };
		CB511C472CAFD1E5001454B5 /* move1.mp3 */ = {isa = PBXFileReference; lastKnownFileType = audio.mp3; path = move1.mp3; sourceTree = "<group>"; };
		CB511C482CAFD1E5001454B5 /* move2.mp3 */ = {isa = PBXFileReference; lastKnownFileType = audio.mp3; path = move2.mp3; sourceTree = "<group>"; };
		CB511C492CAFD1E5001454B5 /* nature.mp3 */ = {isa = PBXFileReference; lastKnownFileType = audio.mp3; path = nature.mp3; sourceTree = "<group>"; };
		CB6F3E512CA997AA005C2ED9 /* TicTacToe.app */ = {isa = PBXFileReference; explicitFileType = wrapper.application; includeInIndex = 0; path = TicTacToe.app; sourceTree = BUILT_PRODUCTS_DIR; };
		CB6F3E542CA997AA005C2ED9 /* TicTacToeApp.swift */ = {isa = PBXFileReference; lastKnownFileType = sourcecode.swift; path = TicTacToeApp.swift; sourceTree = "<group>"; };
		CB6F3E562CA997AA005C2ED9 /* StartView.swift */ = {isa = PBXFileReference; lastKnownFileType = sourcecode.swift; path = StartView.swift; sourceTree = "<group>"; };
		CB6F3E582CA997AB005C2ED9 /* Assets.xcassets */ = {isa = PBXFileReference; lastKnownFileType = folder.assetcatalog; path = Assets.xcassets; sourceTree = "<group>"; };
		CB6F3E5B2CA997AB005C2ED9 /* Preview Assets.xcassets */ = {isa = PBXFileReference; lastKnownFileType = folder.assetcatalog; path = "Preview Assets.xcassets"; sourceTree = "<group>"; };
		CB6F3E622CA99EFC005C2ED9 /* Font+ProjectFonts.swift */ = {isa = PBXFileReference; lastKnownFileType = sourcecode.swift; path = "Font+ProjectFonts.swift"; sourceTree = "<group>"; };
		CB6F3E662CA9A539005C2ED9 /* BasicButton.swift */ = {isa = PBXFileReference; lastKnownFileType = sourcecode.swift; path = BasicButton.swift; sourceTree = "<group>"; };
		CB6F3E6A2CA9A5FD005C2ED9 /* BasicButtonStyle.swift */ = {isa = PBXFileReference; lastKnownFileType = sourcecode.swift; path = BasicButtonStyle.swift; sourceTree = "<group>"; };
		CB7C6CE12CB5102600EF1DA9 /* ShadowViewModifier.swift */ = {isa = PBXFileReference; lastKnownFileType = sourcecode.swift; path = ShadowViewModifier.swift; sourceTree = "<group>"; };
		CB86AF382CAC95DF00C025FA /* LeaderboardView.swift */ = {isa = PBXFileReference; lastKnownFileType = sourcecode.swift; path = LeaderboardView.swift; sourceTree = "<group>"; };
		CB86AF3A2CAC95EE00C025FA /* LeaderboardViewModel.swift */ = {isa = PBXFileReference; lastKnownFileType = sourcecode.swift; path = LeaderboardViewModel.swift; sourceTree = "<group>"; };
		E1392EEC2CAD2E6C00112013 /* UserManager.swift */ = {isa = PBXFileReference; fileEncoding = 4; lastKnownFileType = sourcecode.swift; path = UserManager.swift; sourceTree = "<group>"; };
		E1392EEE2CAD2E6C00112013 /* StorageManager.swift */ = {isa = PBXFileReference; fileEncoding = 4; lastKnownFileType = sourcecode.swift; path = StorageManager.swift; sourceTree = "<group>"; };
		E1392EF22CAD2E8300112013 /* GameSymbolSelectionView.swift */ = {isa = PBXFileReference; fileEncoding = 4; lastKnownFileType = sourcecode.swift; path = GameSymbolSelectionView.swift; sourceTree = "<group>"; };
		E1392EF42CAD2E8300112013 /* GameSelecViewModel.swift */ = {isa = PBXFileReference; fileEncoding = 4; lastKnownFileType = sourcecode.swift; path = GameSelecViewModel.swift; sourceTree = "<group>"; };
		E1392EF92CAD367F00112013 /* SettingModel.swift */ = {isa = PBXFileReference; lastKnownFileType = sourcecode.swift; path = SettingModel.swift; sourceTree = "<group>"; };
		E1392EFF2CAD450800112013 /* SkinCellView.swift */ = {isa = PBXFileReference; lastKnownFileType = sourcecode.swift; path = SkinCellView.swift; sourceTree = "<group>"; };
		E1392F012CAD47D400112013 /* ToolBarView.swift */ = {isa = PBXFileReference; lastKnownFileType = sourcecode.swift; path = ToolBarView.swift; sourceTree = "<group>"; };
		E1392F042CAD5B7800112013 /* SettingPickerView.swift */ = {isa = PBXFileReference; lastKnownFileType = sourcecode.swift; path = SettingPickerView.swift; sourceTree = "<group>"; };
		E1392F062CADA88400112013 /* GameView.swift */ = {isa = PBXFileReference; fileEncoding = 4; lastKnownFileType = sourcecode.swift; path = GameView.swift; sourceTree = "<group>"; };
		E1392F0D2CADD9E700112013 /* GameResult.swift */ = {isa = PBXFileReference; lastKnownFileType = sourcecode.swift; path = GameResult.swift; sourceTree = "<group>"; };
		E1392F102CADE7DD00112013 /* GameViewModel.swift */ = {isa = PBXFileReference; fileEncoding = 4; lastKnownFileType = sourcecode.swift; path = GameViewModel.swift; sourceTree = "<group>"; };
		E1392F122CADE80300112013 /* GameFieldView.swift */ = {isa = PBXFileReference; fileEncoding = 4; lastKnownFileType = sourcecode.swift; path = GameFieldView.swift; sourceTree = "<group>"; };
		E1392F132CADE80300112013 /* PlayerSquareView.swift */ = {isa = PBXFileReference; fileEncoding = 4; lastKnownFileType = sourcecode.swift; path = PlayerSquareView.swift; sourceTree = "<group>"; };
		E1392F142CADE80300112013 /* GameSquareView.swift */ = {isa = PBXFileReference; fileEncoding = 4; lastKnownFileType = sourcecode.swift; path = GameSquareView.swift; sourceTree = "<group>"; };
		E1392F182CADEAD200112013 /* MusicManager.swift */ = {isa = PBXFileReference; fileEncoding = 4; lastKnownFileType = sourcecode.swift; path = MusicManager.swift; sourceTree = "<group>"; };
		E1392F192CADEAD200112013 /* MusicStorage.swift */ = {isa = PBXFileReference; fileEncoding = 4; lastKnownFileType = sourcecode.swift; path = MusicStorage.swift; sourceTree = "<group>"; };
		E148E8672CAF420800018E70 /* GameMode.swift */ = {isa = PBXFileReference; lastKnownFileType = sourcecode.swift; path = GameMode.swift; sourceTree = "<group>"; };
		E148E8772CB282D300018E70 /* CustomAlertView.swift */ = {isa = PBXFileReference; lastKnownFileType = sourcecode.swift; path = CustomAlertView.swift; sourceTree = "<group>"; };
		E148E87C2CB2C79100018E70 /* WinnerLine.swift */ = {isa = PBXFileReference; lastKnownFileType = sourcecode.swift; path = WinnerLine.swift; sourceTree = "<group>"; };
		E1B09F4F2CB4233900F76BA3 /* TimerView.swift */ = {isa = PBXFileReference; lastKnownFileType = sourcecode.swift; path = TimerView.swift; sourceTree = "<group>"; };
		E1B09F512CB44C0600F76BA3 /* ShadowedCardView.swift */ = {isa = PBXFileReference; lastKnownFileType = sourcecode.swift; path = ShadowedCardView.swift; sourceTree = "<group>"; };
		E1B09F532CB44C1B00F76BA3 /* LightBlueBackgroundView.swift */ = {isa = PBXFileReference; lastKnownFileType = sourcecode.swift; path = LightBlueBackgroundView.swift; sourceTree = "<group>"; };
		E1B09F552CB44C4B00F76BA3 /* TitleTextModifier.swift */ = {isa = PBXFileReference; lastKnownFileType = sourcecode.swift; path = TitleTextModifier.swift; sourceTree = "<group>"; };
		E1E0BDB32CA9EC4900DB8D34 /* GameManager.swift */ = {isa = PBXFileReference; lastKnownFileType = sourcecode.swift; path = GameManager.swift; sourceTree = "<group>"; };
		E1E0BDB82CA9F03400DB8D34 /* Player.swift */ = {isa = PBXFileReference; lastKnownFileType = sourcecode.swift; path = Player.swift; sourceTree = "<group>"; };
		E1E0BDBB2CA9F6B300DB8D34 /* Resources.swift */ = {isa = PBXFileReference; lastKnownFileType = sourcecode.swift; path = Resources.swift; sourceTree = "<group>"; };
		E1E0BDBF2CAA865300DB8D34 /* SettingGameView.swift */ = {isa = PBXFileReference; lastKnownFileType = sourcecode.swift; path = SettingGameView.swift; sourceTree = "<group>"; };
		E1E0BDC22CAA868B00DB8D34 /* ResultView.swift */ = {isa = PBXFileReference; lastKnownFileType = sourcecode.swift; path = ResultView.swift; sourceTree = "<group>"; };
		E1E0BDC42CAA86C200DB8D34 /* RulesView.swift */ = {isa = PBXFileReference; lastKnownFileType = sourcecode.swift; path = RulesView.swift; sourceTree = "<group>"; };
		E1E0BDCB2CAA89A400DB8D34 /* LocalizationManager.swift */ = {isa = PBXFileReference; lastKnownFileType = sourcecode.swift; path = LocalizationManager.swift; sourceTree = "<group>"; };
		E1E0BDCD2CAA8AE500DB8D34 /* String + Extension.swift */ = {isa = PBXFileReference; lastKnownFileType = sourcecode.swift; path = "String + Extension.swift"; sourceTree = "<group>"; };
		E1E0BDD02CAA8DD900DB8D34 /* Coordinator.swift */ = {isa = PBXFileReference; lastKnownFileType = sourcecode.swift; path = Coordinator.swift; sourceTree = "<group>"; };
		E1E0BDD22CAA94A500DB8D34 /* StartViewModel.swift */ = {isa = PBXFileReference; lastKnownFileType = sourcecode.swift; path = StartViewModel.swift; sourceTree = "<group>"; };
		E1E0BDD42CAA94B600DB8D34 /* SettingsViewModel.swift */ = {isa = PBXFileReference; lastKnownFileType = sourcecode.swift; path = SettingsViewModel.swift; sourceTree = "<group>"; };
		E1E0BDD62CAA94CB00DB8D34 /* ResultViewModel.swift */ = {isa = PBXFileReference; lastKnownFileType = sourcecode.swift; path = ResultViewModel.swift; sourceTree = "<group>"; };
		E1E0BDD82CAA94FC00DB8D34 /* RulesViewModel.swift */ = {isa = PBXFileReference; lastKnownFileType = sourcecode.swift; path = RulesViewModel.swift; sourceTree = "<group>"; };
		E1E0BDDA2CAA974700DB8D34 /* Localizable.xcstrings */ = {isa = PBXFileReference; lastKnownFileType = text.json.xcstrings; path = Localizable.xcstrings; sourceTree = "<group>"; };
		E1E0BDDD2CAA997300DB8D34 /* CoordinatorVIew.swift */ = {isa = PBXFileReference; lastKnownFileType = sourcecode.swift; path = CoordinatorVIew.swift; sourceTree = "<group>"; };
		E1FCE9502CB6E15D0026CA1F /* CustomTextField.swift */ = {isa = PBXFileReference; lastKnownFileType = sourcecode.swift; path = CustomTextField.swift; sourceTree = "<group>"; };
		E1FCE9522CB7AB060026CA1F /* GameModeButton.swift */ = {isa = PBXFileReference; lastKnownFileType = sourcecode.swift; path = GameModeButton.swift; sourceTree = "<group>"; };
/* End PBXFileReference section */

/* Begin PBXFrameworksBuildPhase section */
		CB6F3E4E2CA997AA005C2ED9 /* Frameworks */ = {
			isa = PBXFrameworksBuildPhase;
			buildActionMask = 2147483647;
			files = (
			);
			runOnlyForDeploymentPostprocessing = 0;
		};
/* End PBXFrameworksBuildPhase section */

/* Begin PBXGroup section */
		CB33F13D2CB19C400008A39F /* LaunchScreen */ = {
			isa = PBXGroup;
			children = (
				CB33F13C2CB19C400008A39F /* LaunchScreen.swift */,
			);
			path = LaunchScreen;
			sourceTree = "<group>";
		};
		CB511C4A2CAFD1E5001454B5 /* Music */ = {
			isa = PBXGroup;
			children = (
				CB511C442CAFD1E5001454B5 /* classic.mp3 */,
				CB511C452CAFD1E5001454B5 /* final.mp3 */,
				CB511C462CAFD1E5001454B5 /* instrumental.mp3 */,
				CB511C472CAFD1E5001454B5 /* move1.mp3 */,
				CB511C482CAFD1E5001454B5 /* move2.mp3 */,
				CB511C492CAFD1E5001454B5 /* nature.mp3 */,
			);
			name = Music;
			path = TicTacToe/Resources/Music;
			sourceTree = SOURCE_ROOT;
		};
		CB6F3E482CA997AA005C2ED9 = {
			isa = PBXGroup;
			children = (
				CB6F3E532CA997AA005C2ED9 /* TicTacToe */,
				CB6F3E522CA997AA005C2ED9 /* Products */,
			);
			sourceTree = "<group>";
		};
		CB6F3E522CA997AA005C2ED9 /* Products */ = {
			isa = PBXGroup;
			children = (
				CB6F3E512CA997AA005C2ED9 /* TicTacToe.app */,
			);
			name = Products;
			sourceTree = "<group>";
		};
		CB6F3E532CA997AA005C2ED9 /* TicTacToe */ = {
			isa = PBXGroup;
			children = (
				CB33F13F2CB19C590008A39F /* Info.plist */,
				CB6F3E542CA997AA005C2ED9 /* TicTacToeApp.swift */,
				CB33F13D2CB19C400008A39F /* LaunchScreen */,
				E1E0BDB52CA9EFCC00DB8D34 /* Models */,
				CB6F3E6C2CA9AF33005C2ED9 /* Screens */,
				CB6F3E652CA9A527005C2ED9 /* Base */,
				E1E0BDB22CA9EC3300DB8D34 /* Managers */,
				E1E0BDBA2CA9F67000DB8D34 /* Resources */,
				CB6F3E642CA9A3CD005C2ED9 /* Extensions */,
				CB6F3E5A2CA997AB005C2ED9 /* Preview Content */,
			);
			path = TicTacToe;
			sourceTree = "<group>";
		};
		CB6F3E5A2CA997AB005C2ED9 /* Preview Content */ = {
			isa = PBXGroup;
			children = (
				CB6F3E5B2CA997AB005C2ED9 /* Preview Assets.xcassets */,
			);
			path = "Preview Content";
			sourceTree = "<group>";
		};
		CB6F3E642CA9A3CD005C2ED9 /* Extensions */ = {
			isa = PBXGroup;
			children = (
				E1B09F552CB44C4B00F76BA3 /* TitleTextModifier.swift */,
				CB6F3E622CA99EFC005C2ED9 /* Font+ProjectFonts.swift */,
				E1E0BDCD2CAA8AE500DB8D34 /* String + Extension.swift */,
				CB7C6CE12CB5102600EF1DA9 /* ShadowViewModifier.swift */,
			);
			path = Extensions;
			sourceTree = "<group>";
		};
		CB6F3E652CA9A527005C2ED9 /* Base */ = {
			isa = PBXGroup;
			children = (
				E1FCE9522CB7AB060026CA1F /* GameModeButton.swift */,
				E1FCE9502CB6E15D0026CA1F /* CustomTextField.swift */,
				E1B09F532CB44C1B00F76BA3 /* LightBlueBackgroundView.swift */,
				E1B09F512CB44C0600F76BA3 /* ShadowedCardView.swift */,
				CB6F3E662CA9A539005C2ED9 /* BasicButton.swift */,
				CB6F3E6A2CA9A5FD005C2ED9 /* BasicButtonStyle.swift */,
				E1392F012CAD47D400112013 /* ToolBarView.swift */,
				E148E8772CB282D300018E70 /* CustomAlertView.swift */,
			);
			path = Base;
			sourceTree = "<group>";
		};
		CB6F3E6C2CA9AF33005C2ED9 /* Screens */ = {
			isa = PBXGroup;
			children = (
				CB6F3E6D2CA9AF3F005C2ED9 /* Start */,
				E1E0BDDF2CAA9B1800DB8D34 /* Game */,
				E1E0BDC12CAA865800DB8D34 /* Setting */,
				E1392EF52CAD2E8300112013 /* GameSelect */,
				E1E0BDC62CAA86C700DB8D34 /* Result */,
				E1E0BDC72CAA86D400DB8D34 /* Rules */,
				CB86AF372CAC957900C025FA /* Leaderboard */,
			);
			path = Screens;
			sourceTree = "<group>";
		};
		CB6F3E6D2CA9AF3F005C2ED9 /* Start */ = {
			isa = PBXGroup;
			children = (
				CB6F3E562CA997AA005C2ED9 /* StartView.swift */,
				E1E0BDD22CAA94A500DB8D34 /* StartViewModel.swift */,
			);
			path = Start;
			sourceTree = "<group>";
		};
		CB86AF372CAC957900C025FA /* Leaderboard */ = {
			isa = PBXGroup;
			children = (
				CB86AF382CAC95DF00C025FA /* LeaderboardView.swift */,
				CB86AF3A2CAC95EE00C025FA /* LeaderboardViewModel.swift */,
			);
			path = Leaderboard;
			sourceTree = "<group>";
		};
		E1392EF52CAD2E8300112013 /* GameSelect */ = {
			isa = PBXGroup;
			children = (
				E148E8672CAF420800018E70 /* GameMode.swift */,
				ADA899C92CADAF7900363BDB /* GameSelectView.swift */,
				E1392EF42CAD2E8300112013 /* GameSelecViewModel.swift */,
			);
			path = GameSelect;
			sourceTree = "<group>";
		};
		E1392EFB2CAD375400112013 /* Model */ = {
			isa = PBXGroup;
			children = (
				E1392EF92CAD367F00112013 /* SettingModel.swift */,
			);
			path = Model;
			sourceTree = "<group>";
		};
		E1392EFC2CAD375C00112013 /* View */ = {
			isa = PBXGroup;
			children = (
				E1392F032CAD5B4E00112013 /* Components */,
				E1E0BDBF2CAA865300DB8D34 /* SettingGameView.swift */,
			);
			path = View;
			sourceTree = "<group>";
		};
		E1392EFD2CAD377000112013 /* ViewModel */ = {
			isa = PBXGroup;
			children = (
				E1E0BDD42CAA94B600DB8D34 /* SettingsViewModel.swift */,
			);
			path = ViewModel;
			sourceTree = "<group>";
		};
		E1392F032CAD5B4E00112013 /* Components */ = {
			isa = PBXGroup;
			children = (
				E1392EFF2CAD450800112013 /* SkinCellView.swift */,
				E1B09F4F2CB4233900F76BA3 /* TimerView.swift */,
				E1392EF22CAD2E8300112013 /* GameSymbolSelectionView.swift */,
				E1392F042CAD5B7800112013 /* SettingPickerView.swift */,
			);
			path = Components;
			sourceTree = "<group>";
		};
		E1392F082CADC2ED00112013 /* Views */ = {
			isa = PBXGroup;
			children = (
				E148E8792CB2C4EA00018E70 /* SubViews */,
				E1392F062CADA88400112013 /* GameView.swift */,
			);
			path = Views;
			sourceTree = "<group>";
		};
		E1392F092CADC2F500112013 /* ViewModel */ = {
			isa = PBXGroup;
			children = (
				E1392F102CADE7DD00112013 /* GameViewModel.swift */,
			);
			path = ViewModel;
			sourceTree = "<group>";
		};
		E1392F1A2CADEAD200112013 /* Music */ = {
			isa = PBXGroup;
			children = (
				E1392F182CADEAD200112013 /* MusicManager.swift */,
				E1392F192CADEAD200112013 /* MusicStorage.swift */,
			);
			path = Music;
			sourceTree = "<group>";
		};
		E148E8792CB2C4EA00018E70 /* SubViews */ = {
			isa = PBXGroup;
			children = (
				E1392F122CADE80300112013 /* GameFieldView.swift */,
				E1392F142CADE80300112013 /* GameSquareView.swift */,
				E1392F132CADE80300112013 /* PlayerSquareView.swift */,
			);
			path = SubViews;
			sourceTree = "<group>";
		};
		E148E87E2CB32D1F00018E70 /* Model */ = {
			isa = PBXGroup;
			children = (
				E148E87C2CB2C79100018E70 /* WinnerLine.swift */,
			);
			path = Model;
			sourceTree = "<group>";
		};
		E1E0BDB22CA9EC3300DB8D34 /* Managers */ = {
			isa = PBXGroup;
			children = (
				E1392F1A2CADEAD200112013 /* Music */,
				E1392EEE2CAD2E6C00112013 /* StorageManager.swift */,
				E1392EEC2CAD2E6C00112013 /* UserManager.swift */,
				E1E0BDB32CA9EC4900DB8D34 /* GameManager.swift */,
				CB33F1362CB174070008A39F /* TimerManager.swift */,
				E1E0BDCF2CAA8DBE00DB8D34 /* Coordinator */,
				E1E0BDDC2CAA976500DB8D34 /* Localizations */,
			);
			path = Managers;
			sourceTree = "<group>";
		};
		E1E0BDB52CA9EFCC00DB8D34 /* Models */ = {
			isa = PBXGroup;
			children = (
				E1E0BDB82CA9F03400DB8D34 /* Player.swift */,
			);
			path = Models;
			sourceTree = "<group>";
		};
		E1E0BDBA2CA9F67000DB8D34 /* Resources */ = {
			isa = PBXGroup;
			children = (
				CB511C4A2CAFD1E5001454B5 /* Music */,
				CB6F3E582CA997AB005C2ED9 /* Assets.xcassets */,
				E1E0BDBB2CA9F6B300DB8D34 /* Resources.swift */,
			);
			path = Resources;
			sourceTree = "<group>";
		};
		E1E0BDC12CAA865800DB8D34 /* Setting */ = {
			isa = PBXGroup;
			children = (
				E1392EFB2CAD375400112013 /* Model */,
				E1392EFC2CAD375C00112013 /* View */,
				E1392EFD2CAD377000112013 /* ViewModel */,
			);
			path = Setting;
			sourceTree = "<group>";
		};
		E1E0BDC62CAA86C700DB8D34 /* Result */ = {
			isa = PBXGroup;
			children = (
				E1E0BDC22CAA868B00DB8D34 /* ResultView.swift */,
				E1E0BDD62CAA94CB00DB8D34 /* ResultViewModel.swift */,
				E1392F0D2CADD9E700112013 /* GameResult.swift */,
			);
			path = Result;
			sourceTree = "<group>";
		};
		E1E0BDC72CAA86D400DB8D34 /* Rules */ = {
			isa = PBXGroup;
			children = (
				E1E0BDC42CAA86C200DB8D34 /* RulesView.swift */,
				E1E0BDD82CAA94FC00DB8D34 /* RulesViewModel.swift */,
			);
			path = Rules;
			sourceTree = "<group>";
		};
		E1E0BDCF2CAA8DBE00DB8D34 /* Coordinator */ = {
			isa = PBXGroup;
			children = (
				E1E0BDD02CAA8DD900DB8D34 /* Coordinator.swift */,
				E1E0BDDD2CAA997300DB8D34 /* CoordinatorVIew.swift */,
			);
			path = Coordinator;
			sourceTree = "<group>";
		};
		E1E0BDDC2CAA976500DB8D34 /* Localizations */ = {
			isa = PBXGroup;
			children = (
				E1E0BDCB2CAA89A400DB8D34 /* LocalizationManager.swift */,
				E1E0BDDA2CAA974700DB8D34 /* Localizable.xcstrings */,
			);
			path = Localizations;
			sourceTree = "<group>";
		};
		E1E0BDDF2CAA9B1800DB8D34 /* Game */ = {
			isa = PBXGroup;
			children = (
				E1392F082CADC2ED00112013 /* Views */,
				E1392F092CADC2F500112013 /* ViewModel */,
				E148E87E2CB32D1F00018E70 /* Model */,
			);
			path = Game;
			sourceTree = "<group>";
		};
/* End PBXGroup section */

/* Begin PBXNativeTarget section */
		CB6F3E502CA997AA005C2ED9 /* TicTacToe */ = {
			isa = PBXNativeTarget;
			buildConfigurationList = CB6F3E5F2CA997AB005C2ED9 /* Build configuration list for PBXNativeTarget "TicTacToe" */;
			buildPhases = (
				CB6F3E4D2CA997AA005C2ED9 /* Sources */,
				CB6F3E4E2CA997AA005C2ED9 /* Frameworks */,
				CB6F3E4F2CA997AA005C2ED9 /* Resources */,
			);
			buildRules = (
			);
			dependencies = (
			);
			name = TicTacToe;
			productName = TicTacToe;
			productReference = CB6F3E512CA997AA005C2ED9 /* TicTacToe.app */;
			productType = "com.apple.product-type.application";
		};
/* End PBXNativeTarget section */

/* Begin PBXProject section */
		CB6F3E492CA997AA005C2ED9 /* Project object */ = {
			isa = PBXProject;
			attributes = {
				BuildIndependentTargetsInParallel = 1;
				LastSwiftUpdateCheck = 1540;
				LastUpgradeCheck = 1540;
				TargetAttributes = {
					CB6F3E502CA997AA005C2ED9 = {
						CreatedOnToolsVersion = 15.4;
					};
				};
			};
			buildConfigurationList = CB6F3E4C2CA997AA005C2ED9 /* Build configuration list for PBXProject "TicTacToe" */;
			compatibilityVersion = "Xcode 14.0";
			developmentRegion = en;
			hasScannedForEncodings = 0;
			knownRegions = (
				en,
				Base,
				ru,
			);
			mainGroup = CB6F3E482CA997AA005C2ED9;
			productRefGroup = CB6F3E522CA997AA005C2ED9 /* Products */;
			projectDirPath = "";
			projectRoot = "";
			targets = (
				CB6F3E502CA997AA005C2ED9 /* TicTacToe */,
			);
		};
/* End PBXProject section */

/* Begin PBXResourcesBuildPhase section */
		CB6F3E4F2CA997AA005C2ED9 /* Resources */ = {
			isa = PBXResourcesBuildPhase;
			buildActionMask = 2147483647;
			files = (
				CB511C4F2CAFD1E5001454B5 /* move2.mp3 in Resources */,
				CB511C4D2CAFD1E5001454B5 /* instrumental.mp3 in Resources */,
				CB511C4C2CAFD1E5001454B5 /* final.mp3 in Resources */,
				CB511C4E2CAFD1E5001454B5 /* move1.mp3 in Resources */,
				CB511C502CAFD1E5001454B5 /* nature.mp3 in Resources */,
				CB6F3E5C2CA997AB005C2ED9 /* Preview Assets.xcassets in Resources */,
				CB6F3E592CA997AB005C2ED9 /* Assets.xcassets in Resources */,
				E1E0BDDB2CAA974700DB8D34 /* Localizable.xcstrings in Resources */,
				CB511C4B2CAFD1E5001454B5 /* classic.mp3 in Resources */,
			);
			runOnlyForDeploymentPostprocessing = 0;
		};
/* End PBXResourcesBuildPhase section */

/* Begin PBXSourcesBuildPhase section */
		CB6F3E4D2CA997AA005C2ED9 /* Sources */ = {
			isa = PBXSourcesBuildPhase;
			buildActionMask = 2147483647;
			files = (
				E1B09F502CB4233900F76BA3 /* TimerView.swift in Sources */,
				E148E87D2CB2C79100018E70 /* WinnerLine.swift in Sources */,
				E1392F172CADE80300112013 /* GameSquareView.swift in Sources */,
				E1392F112CADE7DD00112013 /* GameViewModel.swift in Sources */,
				E1392F152CADE80300112013 /* GameFieldView.swift in Sources */,
				E1392F162CADE80300112013 /* PlayerSquareView.swift in Sources */,
				CB6F3E572CA997AA005C2ED9 /* StartView.swift in Sources */,
				E1E0BDD92CAA94FC00DB8D34 /* RulesViewModel.swift in Sources */,
				E1FCE9532CB7AB060026CA1F /* GameModeButton.swift in Sources */,
				CB86AF3B2CAC95EE00C025FA /* LeaderboardViewModel.swift in Sources */,
				CB33F1372CB174070008A39F /* TimerManager.swift in Sources */,
				E1392EF12CAD2E6C00112013 /* StorageManager.swift in Sources */,
				E1392EF62CAD2E8300112013 /* GameSymbolSelectionView.swift in Sources */,
				E1392EFA2CAD367F00112013 /* SettingModel.swift in Sources */,
				E1E0BDBC2CA9F6B300DB8D34 /* Resources.swift in Sources */,
				E1E0BDCE2CAA8AE500DB8D34 /* String + Extension.swift in Sources */,
				E1B09F562CB44C4B00F76BA3 /* TitleTextModifier.swift in Sources */,
				E1B09F542CB44C1B00F76BA3 /* LightBlueBackgroundView.swift in Sources */,
				CB33F13E2CB19C400008A39F /* LaunchScreen.swift in Sources */,
				E1E0BDB42CA9EC4900DB8D34 /* GameManager.swift in Sources */,
				E1B09F522CB44C0600F76BA3 /* ShadowedCardView.swift in Sources */,
				E1392EF82CAD2E8300112013 /* GameSelecViewModel.swift in Sources */,
				E1392F052CAD5B7800112013 /* SettingPickerView.swift in Sources */,
				CB6F3E632CA99EFC005C2ED9 /* Font+ProjectFonts.swift in Sources */,
				E1E0BDD52CAA94B600DB8D34 /* SettingsViewModel.swift in Sources */,
				E1E0BDC32CAA868B00DB8D34 /* ResultView.swift in Sources */,
				CB6F3E6B2CA9A5FD005C2ED9 /* BasicButtonStyle.swift in Sources */,
				E1E0BDB92CA9F03400DB8D34 /* Player.swift in Sources */,
				CB6F3E552CA997AA005C2ED9 /* TicTacToeApp.swift in Sources */,
				E1392F002CAD450800112013 /* SkinCellView.swift in Sources */,
				E1E0BDD72CAA94CB00DB8D34 /* ResultViewModel.swift in Sources */,
				E1E0BDD12CAA8DD900DB8D34 /* Coordinator.swift in Sources */,
				E1392EEF2CAD2E6C00112013 /* UserManager.swift in Sources */,
				E148E8682CAF420800018E70 /* GameMode.swift in Sources */,
				E1E0BDC02CAA865300DB8D34 /* SettingGameView.swift in Sources */,
				CB86AF392CAC95DF00C025FA /* LeaderboardView.swift in Sources */,
				E1FCE9512CB6E15D0026CA1F /* CustomTextField.swift in Sources */,
				E1E0BDDE2CAA997300DB8D34 /* CoordinatorVIew.swift in Sources */,
				E1E0BDCC2CAA89A400DB8D34 /* LocalizationManager.swift in Sources */,
				E1E0BDD32CAA94A500DB8D34 /* StartViewModel.swift in Sources */,
				E1392F1B2CADEAD200112013 /* MusicManager.swift in Sources */,
				CB7C6CE22CB5102600EF1DA9 /* ShadowViewModifier.swift in Sources */,
				E1392F022CAD47D400112013 /* ToolBarView.swift in Sources */,
				E1392F0E2CADD9E700112013 /* GameResult.swift in Sources */,
				E148E8782CB282D300018E70 /* CustomAlertView.swift in Sources */,
				E1392F1C2CADEAD200112013 /* MusicStorage.swift in Sources */,
				E1392F072CADA88500112013 /* GameView.swift in Sources */,
				CB6F3E672CA9A539005C2ED9 /* BasicButton.swift in Sources */,
				E1E0BDC52CAA86C200DB8D34 /* RulesView.swift in Sources */,
				ADA899CA2CADAF8300363BDB /* GameSelectView.swift in Sources */,
			);
			runOnlyForDeploymentPostprocessing = 0;
		};
/* End PBXSourcesBuildPhase section */

/* Begin XCBuildConfiguration section */
		CB6F3E5D2CA997AB005C2ED9 /* Debug */ = {
			isa = XCBuildConfiguration;
			buildSettings = {
				ALWAYS_SEARCH_USER_PATHS = NO;
				ASSETCATALOG_COMPILER_GENERATE_SWIFT_ASSET_SYMBOL_EXTENSIONS = YES;
				CLANG_ANALYZER_NONNULL = YES;
				CLANG_ANALYZER_NUMBER_OBJECT_CONVERSION = YES_AGGRESSIVE;
				CLANG_CXX_LANGUAGE_STANDARD = "gnu++20";
				CLANG_ENABLE_MODULES = YES;
				CLANG_ENABLE_OBJC_ARC = YES;
				CLANG_ENABLE_OBJC_WEAK = YES;
				CLANG_WARN_BLOCK_CAPTURE_AUTORELEASING = YES;
				CLANG_WARN_BOOL_CONVERSION = YES;
				CLANG_WARN_COMMA = YES;
				CLANG_WARN_CONSTANT_CONVERSION = YES;
				CLANG_WARN_DEPRECATED_OBJC_IMPLEMENTATIONS = YES;
				CLANG_WARN_DIRECT_OBJC_ISA_USAGE = YES_ERROR;
				CLANG_WARN_DOCUMENTATION_COMMENTS = YES;
				CLANG_WARN_EMPTY_BODY = YES;
				CLANG_WARN_ENUM_CONVERSION = YES;
				CLANG_WARN_INFINITE_RECURSION = YES;
				CLANG_WARN_INT_CONVERSION = YES;
				CLANG_WARN_NON_LITERAL_NULL_CONVERSION = YES;
				CLANG_WARN_OBJC_IMPLICIT_RETAIN_SELF = YES;
				CLANG_WARN_OBJC_LITERAL_CONVERSION = YES;
				CLANG_WARN_OBJC_ROOT_CLASS = YES_ERROR;
				CLANG_WARN_QUOTED_INCLUDE_IN_FRAMEWORK_HEADER = YES;
				CLANG_WARN_RANGE_LOOP_ANALYSIS = YES;
				CLANG_WARN_STRICT_PROTOTYPES = YES;
				CLANG_WARN_SUSPICIOUS_MOVE = YES;
				CLANG_WARN_UNGUARDED_AVAILABILITY = YES_AGGRESSIVE;
				CLANG_WARN_UNREACHABLE_CODE = YES;
				CLANG_WARN__DUPLICATE_METHOD_MATCH = YES;
				COPY_PHASE_STRIP = NO;
				DEBUG_INFORMATION_FORMAT = dwarf;
				ENABLE_STRICT_OBJC_MSGSEND = YES;
				ENABLE_TESTABILITY = YES;
				ENABLE_USER_SCRIPT_SANDBOXING = YES;
				GCC_C_LANGUAGE_STANDARD = gnu17;
				GCC_DYNAMIC_NO_PIC = NO;
				GCC_NO_COMMON_BLOCKS = YES;
				GCC_OPTIMIZATION_LEVEL = 0;
				GCC_PREPROCESSOR_DEFINITIONS = (
					"DEBUG=1",
					"$(inherited)",
				);
				GCC_WARN_64_TO_32_BIT_CONVERSION = YES;
				GCC_WARN_ABOUT_RETURN_TYPE = YES_ERROR;
				GCC_WARN_UNDECLARED_SELECTOR = YES;
				GCC_WARN_UNINITIALIZED_AUTOS = YES_AGGRESSIVE;
				GCC_WARN_UNUSED_FUNCTION = YES;
				GCC_WARN_UNUSED_VARIABLE = YES;
				IPHONEOS_DEPLOYMENT_TARGET = 15.0;
				LOCALIZATION_PREFERS_STRING_CATALOGS = YES;
				MTL_ENABLE_DEBUG_INFO = INCLUDE_SOURCE;
				MTL_FAST_MATH = YES;
				ONLY_ACTIVE_ARCH = YES;
				SDKROOT = iphoneos;
				SWIFT_ACTIVE_COMPILATION_CONDITIONS = "DEBUG $(inherited)";
				SWIFT_OPTIMIZATION_LEVEL = "-Onone";
			};
			name = Debug;
		};
		CB6F3E5E2CA997AB005C2ED9 /* Release */ = {
			isa = XCBuildConfiguration;
			buildSettings = {
				ALWAYS_SEARCH_USER_PATHS = NO;
				ASSETCATALOG_COMPILER_GENERATE_SWIFT_ASSET_SYMBOL_EXTENSIONS = YES;
				CLANG_ANALYZER_NONNULL = YES;
				CLANG_ANALYZER_NUMBER_OBJECT_CONVERSION = YES_AGGRESSIVE;
				CLANG_CXX_LANGUAGE_STANDARD = "gnu++20";
				CLANG_ENABLE_MODULES = YES;
				CLANG_ENABLE_OBJC_ARC = YES;
				CLANG_ENABLE_OBJC_WEAK = YES;
				CLANG_WARN_BLOCK_CAPTURE_AUTORELEASING = YES;
				CLANG_WARN_BOOL_CONVERSION = YES;
				CLANG_WARN_COMMA = YES;
				CLANG_WARN_CONSTANT_CONVERSION = YES;
				CLANG_WARN_DEPRECATED_OBJC_IMPLEMENTATIONS = YES;
				CLANG_WARN_DIRECT_OBJC_ISA_USAGE = YES_ERROR;
				CLANG_WARN_DOCUMENTATION_COMMENTS = YES;
				CLANG_WARN_EMPTY_BODY = YES;
				CLANG_WARN_ENUM_CONVERSION = YES;
				CLANG_WARN_INFINITE_RECURSION = YES;
				CLANG_WARN_INT_CONVERSION = YES;
				CLANG_WARN_NON_LITERAL_NULL_CONVERSION = YES;
				CLANG_WARN_OBJC_IMPLICIT_RETAIN_SELF = YES;
				CLANG_WARN_OBJC_LITERAL_CONVERSION = YES;
				CLANG_WARN_OBJC_ROOT_CLASS = YES_ERROR;
				CLANG_WARN_QUOTED_INCLUDE_IN_FRAMEWORK_HEADER = YES;
				CLANG_WARN_RANGE_LOOP_ANALYSIS = YES;
				CLANG_WARN_STRICT_PROTOTYPES = YES;
				CLANG_WARN_SUSPICIOUS_MOVE = YES;
				CLANG_WARN_UNGUARDED_AVAILABILITY = YES_AGGRESSIVE;
				CLANG_WARN_UNREACHABLE_CODE = YES;
				CLANG_WARN__DUPLICATE_METHOD_MATCH = YES;
				COPY_PHASE_STRIP = NO;
				DEBUG_INFORMATION_FORMAT = "dwarf-with-dsym";
				ENABLE_NS_ASSERTIONS = NO;
				ENABLE_STRICT_OBJC_MSGSEND = YES;
				ENABLE_USER_SCRIPT_SANDBOXING = YES;
				GCC_C_LANGUAGE_STANDARD = gnu17;
				GCC_NO_COMMON_BLOCKS = YES;
				GCC_WARN_64_TO_32_BIT_CONVERSION = YES;
				GCC_WARN_ABOUT_RETURN_TYPE = YES_ERROR;
				GCC_WARN_UNDECLARED_SELECTOR = YES;
				GCC_WARN_UNINITIALIZED_AUTOS = YES_AGGRESSIVE;
				GCC_WARN_UNUSED_FUNCTION = YES;
				GCC_WARN_UNUSED_VARIABLE = YES;
				IPHONEOS_DEPLOYMENT_TARGET = 15.0;
				LOCALIZATION_PREFERS_STRING_CATALOGS = YES;
				MTL_ENABLE_DEBUG_INFO = NO;
				MTL_FAST_MATH = YES;
				SDKROOT = iphoneos;
				SWIFT_COMPILATION_MODE = wholemodule;
				VALIDATE_PRODUCT = YES;
			};
			name = Release;
		};
		CB6F3E602CA997AB005C2ED9 /* Debug */ = {
			isa = XCBuildConfiguration;
			buildSettings = {
				ASSETCATALOG_COMPILER_APPICON_NAME = AppIcon;
				ASSETCATALOG_COMPILER_GLOBAL_ACCENT_COLOR_NAME = AccentColor;
				CODE_SIGN_STYLE = Automatic;
				CURRENT_PROJECT_VERSION = 1;
				DEVELOPMENT_ASSET_PATHS = "\"TicTacToe/Preview Content\"";
				DEVELOPMENT_TEAM = Y5B46GH7KM;
				ENABLE_PREVIEWS = YES;
				GENERATE_INFOPLIST_FILE = YES;
				INFOPLIST_FILE = TicTacToe/Info.plist;
				INFOPLIST_KEY_UIApplicationSceneManifest_Generation = YES;
				INFOPLIST_KEY_UIApplicationSupportsIndirectInputEvents = YES;
				INFOPLIST_KEY_UISupportedInterfaceOrientations = UIInterfaceOrientationPortrait;
				INFOPLIST_KEY_UISupportedInterfaceOrientations_iPad = "UIInterfaceOrientationLandscapeLeft UIInterfaceOrientationLandscapeRight UIInterfaceOrientationPortrait UIInterfaceOrientationPortraitUpsideDown";
				IPHONEOS_DEPLOYMENT_TARGET = 15.0;
				LD_RUNPATH_SEARCH_PATHS = (
					"$(inherited)",
					"@executable_path/Frameworks",
				);
				MARKETING_VERSION = 1.0;
				PRODUCT_BUNDLE_IDENTIFIER = com.MariaNesterova.TicTacToe;
				PRODUCT_NAME = "$(TARGET_NAME)";
				SUPPORTED_PLATFORMS = "iphoneos iphonesimulator";
				SUPPORTS_MACCATALYST = NO;
				SUPPORTS_MAC_DESIGNED_FOR_IPHONE_IPAD = NO;
				SUPPORTS_XR_DESIGNED_FOR_IPHONE_IPAD = NO;
				SWIFT_EMIT_LOC_STRINGS = YES;
				SWIFT_VERSION = 5.0;
				TARGETED_DEVICE_FAMILY = 1;
			};
			name = Debug;
		};
		CB6F3E612CA997AB005C2ED9 /* Release */ = {
			isa = XCBuildConfiguration;
			buildSettings = {
				ASSETCATALOG_COMPILER_APPICON_NAME = AppIcon;
				ASSETCATALOG_COMPILER_GLOBAL_ACCENT_COLOR_NAME = AccentColor;
				CODE_SIGN_STYLE = Automatic;
				CURRENT_PROJECT_VERSION = 1;
				DEVELOPMENT_ASSET_PATHS = "\"TicTacToe/Preview Content\"";
				DEVELOPMENT_TEAM = Y5B46GH7KM;
				ENABLE_PREVIEWS = YES;
				GENERATE_INFOPLIST_FILE = YES;
				INFOPLIST_FILE = TicTacToe/Info.plist;
				INFOPLIST_KEY_UIApplicationSceneManifest_Generation = YES;
				INFOPLIST_KEY_UIApplicationSupportsIndirectInputEvents = YES;
				INFOPLIST_KEY_UISupportedInterfaceOrientations = UIInterfaceOrientationPortrait;
				INFOPLIST_KEY_UISupportedInterfaceOrientations_iPad = "UIInterfaceOrientationLandscapeLeft UIInterfaceOrientationLandscapeRight UIInterfaceOrientationPortrait UIInterfaceOrientationPortraitUpsideDown";
				IPHONEOS_DEPLOYMENT_TARGET = 15.0;
				LD_RUNPATH_SEARCH_PATHS = (
					"$(inherited)",
					"@executable_path/Frameworks",
				);
				MARKETING_VERSION = 1.0;
				PRODUCT_BUNDLE_IDENTIFIER = com.MariaNesterova.TicTacToe;
				PRODUCT_NAME = "$(TARGET_NAME)";
				SUPPORTED_PLATFORMS = "iphoneos iphonesimulator";
				SUPPORTS_MACCATALYST = NO;
				SUPPORTS_MAC_DESIGNED_FOR_IPHONE_IPAD = NO;
				SUPPORTS_XR_DESIGNED_FOR_IPHONE_IPAD = NO;
				SWIFT_EMIT_LOC_STRINGS = YES;
				SWIFT_VERSION = 5.0;
				TARGETED_DEVICE_FAMILY = 1;
			};
			name = Release;
		};
/* End XCBuildConfiguration section */

/* Begin XCConfigurationList section */
		CB6F3E4C2CA997AA005C2ED9 /* Build configuration list for PBXProject "TicTacToe" */ = {
			isa = XCConfigurationList;
			buildConfigurations = (
				CB6F3E5D2CA997AB005C2ED9 /* Debug */,
				CB6F3E5E2CA997AB005C2ED9 /* Release */,
			);
			defaultConfigurationIsVisible = 0;
			defaultConfigurationName = Release;
		};
		CB6F3E5F2CA997AB005C2ED9 /* Build configuration list for PBXNativeTarget "TicTacToe" */ = {
			isa = XCConfigurationList;
			buildConfigurations = (
				CB6F3E602CA997AB005C2ED9 /* Debug */,
				CB6F3E612CA997AB005C2ED9 /* Release */,
			);
			defaultConfigurationIsVisible = 0;
			defaultConfigurationName = Release;
		};
/* End XCConfigurationList section */
	};
	rootObject = CB6F3E492CA997AA005C2ED9 /* Project object */;
}
